// !$*UTF8*$!
{
	archiveVersion = 1;
	classes = {
	};
	objectVersion = 56;
	objects = {

/* Begin PBXBuildFile section */
		2C0A01C72B18E0E40074821E /* TextFieldWithIcon.swift in Sources */ = {isa = PBXBuildFile; fileRef = 2C0A01C62B18E0E40074821E /* TextFieldWithIcon.swift */; };
		2C5552562B1E06B800A6E75F /* BookStatus.swift in Sources */ = {isa = PBXBuildFile; fileRef = 2C5552552B1E06B800A6E75F /* BookStatus.swift */; };
		2CB710032B18D45700BBCEF1 /* BookTrackerApp.swift in Sources */ = {isa = PBXBuildFile; fileRef = 2CB710022B18D45700BBCEF1 /* BookTrackerApp.swift */; };
		2CB710052B18D45700BBCEF1 /* MainView.swift in Sources */ = {isa = PBXBuildFile; fileRef = 2CB710042B18D45700BBCEF1 /* MainView.swift */; };
		2CB710072B18D45B00BBCEF1 /* Assets.xcassets in Resources */ = {isa = PBXBuildFile; fileRef = 2CB710062B18D45B00BBCEF1 /* Assets.xcassets */; };
		2CB7100A2B18D45B00BBCEF1 /* Preview Assets.xcassets in Resources */ = {isa = PBXBuildFile; fileRef = 2CB710092B18D45B00BBCEF1 /* Preview Assets.xcassets */; };
		2CB710152B18D4B300BBCEF1 /* BookTracker.xcdatamodeld in Sources */ = {isa = PBXBuildFile; fileRef = 2CB710132B18D4B300BBCEF1 /* BookTracker.xcdatamodeld */; };
		2CB710172B18D4F600BBCEF1 /* DataController.swift in Sources */ = {isa = PBXBuildFile; fileRef = 2CB710162B18D4F600BBCEF1 /* DataController.swift */; };
		2CB710192B18D51300BBCEF1 /* InboxView.swift in Sources */ = {isa = PBXBuildFile; fileRef = 2CB710182B18D51300BBCEF1 /* InboxView.swift */; };
		2CB7101B2B18D59000BBCEF1 /* BookDetail.swift in Sources */ = {isa = PBXBuildFile; fileRef = 2CB7101A2B18D59000BBCEF1 /* BookDetail.swift */; };
		2CB7101D2B18D6DD00BBCEF1 /* BooksView.swift in Sources */ = {isa = PBXBuildFile; fileRef = 2CB7101C2B18D6DD00BBCEF1 /* BooksView.swift */; };
		2CB7101F2B18D74300BBCEF1 /* SettingsView.swift in Sources */ = {isa = PBXBuildFile; fileRef = 2CB7101E2B18D74300BBCEF1 /* SettingsView.swift */; };
		2CB710212B18D8B300BBCEF1 /* AddBookView.swift in Sources */ = {isa = PBXBuildFile; fileRef = 2CB710202B18D8B300BBCEF1 /* AddBookView.swift */; };
/* End PBXBuildFile section */

/* Begin PBXFileReference section */
		2C0A01C62B18E0E40074821E /* TextFieldWithIcon.swift */ = {isa = PBXFileReference; lastKnownFileType = sourcecode.swift; path = TextFieldWithIcon.swift; sourceTree = "<group>"; };
		2C5552552B1E06B800A6E75F /* BookStatus.swift */ = {isa = PBXFileReference; lastKnownFileType = sourcecode.swift; path = BookStatus.swift; sourceTree = "<group>"; };
		2CB70FFF2B18D45700BBCEF1 /* BookTracker.app */ = {isa = PBXFileReference; explicitFileType = wrapper.application; includeInIndex = 0; path = BookTracker.app; sourceTree = BUILT_PRODUCTS_DIR; };
		2CB710022B18D45700BBCEF1 /* BookTrackerApp.swift */ = {isa = PBXFileReference; lastKnownFileType = sourcecode.swift; path = BookTrackerApp.swift; sourceTree = "<group>"; };
		2CB710042B18D45700BBCEF1 /* MainView.swift */ = {isa = PBXFileReference; lastKnownFileType = sourcecode.swift; path = MainView.swift; sourceTree = "<group>"; };
		2CB710062B18D45B00BBCEF1 /* Assets.xcassets */ = {isa = PBXFileReference; lastKnownFileType = folder.assetcatalog; path = Assets.xcassets; sourceTree = "<group>"; };
		2CB710092B18D45B00BBCEF1 /* Preview Assets.xcassets */ = {isa = PBXFileReference; lastKnownFileType = folder.assetcatalog; path = "Preview Assets.xcassets"; sourceTree = "<group>"; };
		2CB710142B18D4B300BBCEF1 /* BookTracker.xcdatamodel */ = {isa = PBXFileReference; lastKnownFileType = wrapper.xcdatamodel; path = BookTracker.xcdatamodel; sourceTree = "<group>"; };
		2CB710162B18D4F600BBCEF1 /* DataController.swift */ = {isa = PBXFileReference; lastKnownFileType = sourcecode.swift; path = DataController.swift; sourceTree = "<group>"; };
		2CB710182B18D51300BBCEF1 /* InboxView.swift */ = {isa = PBXFileReference; lastKnownFileType = sourcecode.swift; path = InboxView.swift; sourceTree = "<group>"; };
		2CB7101A2B18D59000BBCEF1 /* BookDetail.swift */ = {isa = PBXFileReference; lastKnownFileType = sourcecode.swift; path = BookDetail.swift; sourceTree = "<group>"; };
		2CB7101C2B18D6DD00BBCEF1 /* BooksView.swift */ = {isa = PBXFileReference; lastKnownFileType = sourcecode.swift; path = BooksView.swift; sourceTree = "<group>"; };
		2CB7101E2B18D74300BBCEF1 /* SettingsView.swift */ = {isa = PBXFileReference; lastKnownFileType = sourcecode.swift; path = SettingsView.swift; sourceTree = "<group>"; };
		2CB710202B18D8B300BBCEF1 /* AddBookView.swift */ = {isa = PBXFileReference; lastKnownFileType = sourcecode.swift; path = AddBookView.swift; sourceTree = "<group>"; };
/* End PBXFileReference section */

/* Begin PBXFrameworksBuildPhase section */
		2CB70FFC2B18D45700BBCEF1 /* Frameworks */ = {
			isa = PBXFrameworksBuildPhase;
			buildActionMask = 2147483647;
			files = (
			);
			runOnlyForDeploymentPostprocessing = 0;
		};
/* End PBXFrameworksBuildPhase section */

/* Begin PBXGroup section */
		2CB70FF62B18D45700BBCEF1 = {
			isa = PBXGroup;
			children = (
				2CB710012B18D45700BBCEF1 /* BookTracker */,
				2CB710002B18D45700BBCEF1 /* Products */,
			);
			sourceTree = "<group>";
		};
		2CB710002B18D45700BBCEF1 /* Products */ = {
			isa = PBXGroup;
			children = (
				2CB70FFF2B18D45700BBCEF1 /* BookTracker.app */,
			);
			name = Products;
			sourceTree = "<group>";
		};
		2CB710012B18D45700BBCEF1 /* BookTracker */ = {
			isa = PBXGroup;
			children = (
				2CB710022B18D45700BBCEF1 /* BookTrackerApp.swift */,
				2CB710112B18D48F00BBCEF1 /* Views */,
				2CB710102B18D48A00BBCEF1 /* DataModel */,
				2CB710122B18D49500BBCEF1 /* Components */,
				2CB710062B18D45B00BBCEF1 /* Assets.xcassets */,
				2CB710082B18D45B00BBCEF1 /* Preview Content */,
			);
			path = BookTracker;
			sourceTree = "<group>";
		};
		2CB710082B18D45B00BBCEF1 /* Preview Content */ = {
			isa = PBXGroup;
			children = (
				2CB710092B18D45B00BBCEF1 /* Preview Assets.xcassets */,
			);
			path = "Preview Content";
			sourceTree = "<group>";
		};
		2CB710102B18D48A00BBCEF1 /* DataModel */ = {
			isa = PBXGroup;
			children = (
				2CB710132B18D4B300BBCEF1 /* BookTracker.xcdatamodeld */,
				2CB710162B18D4F600BBCEF1 /* DataController.swift */,
				2C5552552B1E06B800A6E75F /* BookStatus.swift */,
			);
			path = DataModel;
			sourceTree = "<group>";
		};
		2CB710112B18D48F00BBCEF1 /* Views */ = {
			isa = PBXGroup;
			children = (
				2CB710042B18D45700BBCEF1 /* MainView.swift */,
				2CB710182B18D51300BBCEF1 /* InboxView.swift */,
				2CB710202B18D8B300BBCEF1 /* AddBookView.swift */,
				2CB7101C2B18D6DD00BBCEF1 /* BooksView.swift */,
				2CB7101E2B18D74300BBCEF1 /* SettingsView.swift */,
			);
			path = Views;
			sourceTree = "<group>";
		};
		2CB710122B18D49500BBCEF1 /* Components */ = {
			isa = PBXGroup;
			children = (
				2CB7101A2B18D59000BBCEF1 /* BookDetail.swift */,
				2C0A01C62B18E0E40074821E /* TextFieldWithIcon.swift */,
			);
			path = Components;
			sourceTree = "<group>";
		};
/* End PBXGroup section */

/* Begin PBXNativeTarget section */
		2CB70FFE2B18D45700BBCEF1 /* BookTracker */ = {
			isa = PBXNativeTarget;
			buildConfigurationList = 2CB7100D2B18D45B00BBCEF1 /* Build configuration list for PBXNativeTarget "BookTracker" */;
			buildPhases = (
				2CB70FFB2B18D45700BBCEF1 /* Sources */,
				2CB70FFC2B18D45700BBCEF1 /* Frameworks */,
				2CB70FFD2B18D45700BBCEF1 /* Resources */,
			);
			buildRules = (
			);
			dependencies = (
			);
			name = BookTracker;
			productName = BookTracker;
			productReference = 2CB70FFF2B18D45700BBCEF1 /* BookTracker.app */;
			productType = "com.apple.product-type.application";
		};
/* End PBXNativeTarget section */

/* Begin PBXProject section */
		2CB70FF72B18D45700BBCEF1 /* Project object */ = {
			isa = PBXProject;
			attributes = {
				BuildIndependentTargetsInParallel = 1;
				LastSwiftUpdateCheck = 1500;
				LastUpgradeCheck = 1500;
				TargetAttributes = {
					2CB70FFE2B18D45700BBCEF1 = {
						CreatedOnToolsVersion = 15.0.1;
					};
				};
			};
			buildConfigurationList = 2CB70FFA2B18D45700BBCEF1 /* Build configuration list for PBXProject "BookTracker" */;
			compatibilityVersion = "Xcode 14.0";
			developmentRegion = en;
			hasScannedForEncodings = 0;
			knownRegions = (
				en,
				Base,
			);
			mainGroup = 2CB70FF62B18D45700BBCEF1;
			productRefGroup = 2CB710002B18D45700BBCEF1 /* Products */;
			projectDirPath = "";
			projectRoot = "";
			targets = (
				2CB70FFE2B18D45700BBCEF1 /* BookTracker */,
			);
		};
/* End PBXProject section */

/* Begin PBXResourcesBuildPhase section */
		2CB70FFD2B18D45700BBCEF1 /* Resources */ = {
			isa = PBXResourcesBuildPhase;
			buildActionMask = 2147483647;
			files = (
				2CB7100A2B18D45B00BBCEF1 /* Preview Assets.xcassets in Resources */,
				2CB710072B18D45B00BBCEF1 /* Assets.xcassets in Resources */,
			);
			runOnlyForDeploymentPostprocessing = 0;
		};
/* End PBXResourcesBuildPhase section */

/* Begin PBXSourcesBuildPhase section */
		2CB70FFB2B18D45700BBCEF1 /* Sources */ = {
			isa = PBXSourcesBuildPhase;
			buildActionMask = 2147483647;
			files = (
				2CB710152B18D4B300BBCEF1 /* BookTracker.xcdatamodeld in Sources */,
				2CB710212B18D8B300BBCEF1 /* AddBookView.swift in Sources */,
				2C5552562B1E06B800A6E75F /* BookStatus.swift in Sources */,
				2CB7101F2B18D74300BBCEF1 /* SettingsView.swift in Sources */,
				2CB710172B18D4F600BBCEF1 /* DataController.swift in Sources */,
				2CB710192B18D51300BBCEF1 /* InboxView.swift in Sources */,
				2CB7101D2B18D6DD00BBCEF1 /* BooksView.swift in Sources */,
				2C0A01C72B18E0E40074821E /* TextFieldWithIcon.swift in Sources */,
				2CB710052B18D45700BBCEF1 /* MainView.swift in Sources */,
				2CB710032B18D45700BBCEF1 /* BookTrackerApp.swift in Sources */,
				2CB7101B2B18D59000BBCEF1 /* BookDetail.swift in Sources */,
			);
			runOnlyForDeploymentPostprocessing = 0;
		};
/* End PBXSourcesBuildPhase section */

/* Begin XCBuildConfiguration section */
		2CB7100B2B18D45B00BBCEF1 /* Debug */ = {
			isa = XCBuildConfiguration;
			buildSettings = {
				ALWAYS_SEARCH_USER_PATHS = NO;
				ASSETCATALOG_COMPILER_GENERATE_SWIFT_ASSET_SYMBOL_EXTENSIONS = YES;
				CLANG_ANALYZER_NONNULL = YES;
				CLANG_ANALYZER_NUMBER_OBJECT_CONVERSION = YES_AGGRESSIVE;
				CLANG_CXX_LANGUAGE_STANDARD = "gnu++20";
				CLANG_ENABLE_MODULES = YES;
				CLANG_ENABLE_OBJC_ARC = YES;
				CLANG_ENABLE_OBJC_WEAK = YES;
				CLANG_WARN_BLOCK_CAPTURE_AUTORELEASING = YES;
				CLANG_WARN_BOOL_CONVERSION = YES;
				CLANG_WARN_COMMA = YES;
				CLANG_WARN_CONSTANT_CONVERSION = YES;
				CLANG_WARN_DEPRECATED_OBJC_IMPLEMENTATIONS = YES;
				CLANG_WARN_DIRECT_OBJC_ISA_USAGE = YES_ERROR;
				CLANG_WARN_DOCUMENTATION_COMMENTS = YES;
				CLANG_WARN_EMPTY_BODY = YES;
				CLANG_WARN_ENUM_CONVERSION = YES;
				CLANG_WARN_INFINITE_RECURSION = YES;
				CLANG_WARN_INT_CONVERSION = YES;
				CLANG_WARN_NON_LITERAL_NULL_CONVERSION = YES;
				CLANG_WARN_OBJC_IMPLICIT_RETAIN_SELF = YES;
				CLANG_WARN_OBJC_LITERAL_CONVERSION = YES;
				CLANG_WARN_OBJC_ROOT_CLASS = YES_ERROR;
				CLANG_WARN_QUOTED_INCLUDE_IN_FRAMEWORK_HEADER = YES;
				CLANG_WARN_RANGE_LOOP_ANALYSIS = YES;
				CLANG_WARN_STRICT_PROTOTYPES = YES;
				CLANG_WARN_SUSPICIOUS_MOVE = YES;
				CLANG_WARN_UNGUARDED_AVAILABILITY = YES_AGGRESSIVE;
				CLANG_WARN_UNREACHABLE_CODE = YES;
				CLANG_WARN__DUPLICATE_METHOD_MATCH = YES;
				COPY_PHASE_STRIP = NO;
				DEBUG_INFORMATION_FORMAT = dwarf;
				ENABLE_STRICT_OBJC_MSGSEND = YES;
				ENABLE_TESTABILITY = YES;
				ENABLE_USER_SCRIPT_SANDBOXING = YES;
				GCC_C_LANGUAGE_STANDARD = gnu17;
				GCC_DYNAMIC_NO_PIC = NO;
				GCC_NO_COMMON_BLOCKS = YES;
				GCC_OPTIMIZATION_LEVEL = 0;
				GCC_PREPROCESSOR_DEFINITIONS = (
					"DEBUG=1",
					"$(inherited)",
				);
				GCC_WARN_64_TO_32_BIT_CONVERSION = YES;
				GCC_WARN_ABOUT_RETURN_TYPE = YES_ERROR;
				GCC_WARN_UNDECLARED_SELECTOR = YES;
				GCC_WARN_UNINITIALIZED_AUTOS = YES_AGGRESSIVE;
				GCC_WARN_UNUSED_FUNCTION = YES;
				GCC_WARN_UNUSED_VARIABLE = YES;
				IPHONEOS_DEPLOYMENT_TARGET = 17.0;
				LOCALIZATION_PREFERS_STRING_CATALOGS = YES;
				MTL_ENABLE_DEBUG_INFO = INCLUDE_SOURCE;
				MTL_FAST_MATH = YES;
				ONLY_ACTIVE_ARCH = YES;
				SDKROOT = iphoneos;
				SWIFT_ACTIVE_COMPILATION_CONDITIONS = "DEBUG $(inherited)";
				SWIFT_OPTIMIZATION_LEVEL = "-Onone";
			};
			name = Debug;
		};
		2CB7100C2B18D45B00BBCEF1 /* Release */ = {
			isa = XCBuildConfiguration;
			buildSettings = {
				ALWAYS_SEARCH_USER_PATHS = NO;
				ASSETCATALOG_COMPILER_GENERATE_SWIFT_ASSET_SYMBOL_EXTENSIONS = YES;
				CLANG_ANALYZER_NONNULL = YES;
				CLANG_ANALYZER_NUMBER_OBJECT_CONVERSION = YES_AGGRESSIVE;
				CLANG_CXX_LANGUAGE_STANDARD = "gnu++20";
				CLANG_ENABLE_MODULES = YES;
				CLANG_ENABLE_OBJC_ARC = YES;
				CLANG_ENABLE_OBJC_WEAK = YES;
				CLANG_WARN_BLOCK_CAPTURE_AUTORELEASING = YES;
				CLANG_WARN_BOOL_CONVERSION = YES;
				CLANG_WARN_COMMA = YES;
				CLANG_WARN_CONSTANT_CONVERSION = YES;
				CLANG_WARN_DEPRECATED_OBJC_IMPLEMENTATIONS = YES;
				CLANG_WARN_DIRECT_OBJC_ISA_USAGE = YES_ERROR;
				CLANG_WARN_DOCUMENTATION_COMMENTS = YES;
				CLANG_WARN_EMPTY_BODY = YES;
				CLANG_WARN_ENUM_CONVERSION = YES;
				CLANG_WARN_INFINITE_RECURSION = YES;
				CLANG_WARN_INT_CONVERSION = YES;
				CLANG_WARN_NON_LITERAL_NULL_CONVERSION = YES;
				CLANG_WARN_OBJC_IMPLICIT_RETAIN_SELF = YES;
				CLANG_WARN_OBJC_LITERAL_CONVERSION = YES;
				CLANG_WARN_OBJC_ROOT_CLASS = YES_ERROR;
				CLANG_WARN_QUOTED_INCLUDE_IN_FRAMEWORK_HEADER = YES;
				CLANG_WARN_RANGE_LOOP_ANALYSIS = YES;
				CLANG_WARN_STRICT_PROTOTYPES = YES;
				CLANG_WARN_SUSPICIOUS_MOVE = YES;
				CLANG_WARN_UNGUARDED_AVAILABILITY = YES_AGGRESSIVE;
				CLANG_WARN_UNREACHABLE_CODE = YES;
				CLANG_WARN__DUPLICATE_METHOD_MATCH = YES;
				COPY_PHASE_STRIP = NO;
				DEBUG_INFORMATION_FORMAT = "dwarf-with-dsym";
				ENABLE_NS_ASSERTIONS = NO;
				ENABLE_STRICT_OBJC_MSGSEND = YES;
				ENABLE_USER_SCRIPT_SANDBOXING = YES;
				GCC_C_LANGUAGE_STANDARD = gnu17;
				GCC_NO_COMMON_BLOCKS = YES;
				GCC_WARN_64_TO_32_BIT_CONVERSION = YES;
				GCC_WARN_ABOUT_RETURN_TYPE = YES_ERROR;
				GCC_WARN_UNDECLARED_SELECTOR = YES;
				GCC_WARN_UNINITIALIZED_AUTOS = YES_AGGRESSIVE;
				GCC_WARN_UNUSED_FUNCTION = YES;
				GCC_WARN_UNUSED_VARIABLE = YES;
				IPHONEOS_DEPLOYMENT_TARGET = 17.0;
				LOCALIZATION_PREFERS_STRING_CATALOGS = YES;
				MTL_ENABLE_DEBUG_INFO = NO;
				MTL_FAST_MATH = YES;
				SDKROOT = iphoneos;
				SWIFT_COMPILATION_MODE = wholemodule;
				VALIDATE_PRODUCT = YES;
			};
			name = Release;
		};
		2CB7100E2B18D45B00BBCEF1 /* Debug */ = {
			isa = XCBuildConfiguration;
			buildSettings = {
				ASSETCATALOG_COMPILER_APPICON_NAME = AppIcon;
				ASSETCATALOG_COMPILER_GLOBAL_ACCENT_COLOR_NAME = AccentColor;
				CODE_SIGN_STYLE = Automatic;
				CURRENT_PROJECT_VERSION = 1;
				DEVELOPMENT_ASSET_PATHS = "\"BookTracker/Preview Content\"";
				DEVELOPMENT_TEAM = NA9TFTM937;
				ENABLE_PREVIEWS = YES;
				GENERATE_INFOPLIST_FILE = YES;
				INFOPLIST_KEY_UIApplicationSceneManifest_Generation = YES;
				INFOPLIST_KEY_UIApplicationSupportsIndirectInputEvents = YES;
				INFOPLIST_KEY_UILaunchScreen_Generation = YES;
				INFOPLIST_KEY_UISupportedInterfaceOrientations_iPad = "UIInterfaceOrientationPortrait UIInterfaceOrientationPortraitUpsideDown UIInterfaceOrientationLandscapeLeft UIInterfaceOrientationLandscapeRight";
				INFOPLIST_KEY_UISupportedInterfaceOrientations_iPhone = "UIInterfaceOrientationPortrait UIInterfaceOrientationLandscapeLeft UIInterfaceOrientationLandscapeRight";
				LD_RUNPATH_SEARCH_PATHS = (
					"$(inherited)",
					"@executable_path/Frameworks",
				);
				MARKETING_VERSION = 1.0;
				PRODUCT_BUNDLE_IDENTIFIER = com.ivantrj.BookTracker;
				PRODUCT_NAME = "$(TARGET_NAME)";
				SWIFT_EMIT_LOC_STRINGS = YES;
				SWIFT_VERSION = 5.0;
				TARGETED_DEVICE_FAMILY = "1,2";
			};
			name = Debug;
		};
		2CB7100F2B18D45B00BBCEF1 /* Release */ = {
			isa = XCBuildConfiguration;
			buildSettings = {
				ASSETCATALOG_COMPILER_APPICON_NAME = AppIcon;
				ASSETCATALOG_COMPILER_GLOBAL_ACCENT_COLOR_NAME = AccentColor;
				CODE_SIGN_STYLE = Automatic;
				CURRENT_PROJECT_VERSION = 1;
				DEVELOPMENT_ASSET_PATHS = "\"BookTracker/Preview Content\"";
				DEVELOPMENT_TEAM = NA9TFTM937;
				ENABLE_PREVIEWS = YES;
				GENERATE_INFOPLIST_FILE = YES;
				INFOPLIST_KEY_UIApplicationSceneManifest_Generation = YES;
				INFOPLIST_KEY_UIApplicationSupportsIndirectInputEvents = YES;
				INFOPLIST_KEY_UILaunchScreen_Generation = YES;
				INFOPLIST_KEY_UISupportedInterfaceOrientations_iPad = "UIInterfaceOrientationPortrait UIInterfaceOrientationPortraitUpsideDown UIInterfaceOrientationLandscapeLeft UIInterfaceOrientationLandscapeRight";
				INFOPLIST_KEY_UISupportedInterfaceOrientations_iPhone = "UIInterfaceOrientationPortrait UIInterfaceOrientationLandscapeLeft UIInterfaceOrientationLandscapeRight";
				LD_RUNPATH_SEARCH_PATHS = (
					"$(inherited)",
					"@executable_path/Frameworks",
				);
				MARKETING_VERSION = 1.0;
				PRODUCT_BUNDLE_IDENTIFIER = com.ivantrj.BookTracker;
				PRODUCT_NAME = "$(TARGET_NAME)";
				SWIFT_EMIT_LOC_STRINGS = YES;
				SWIFT_VERSION = 5.0;
				TARGETED_DEVICE_FAMILY = "1,2";
			};
			name = Release;
		};
/* End XCBuildConfiguration section */

/* Begin XCConfigurationList section */
		2CB70FFA2B18D45700BBCEF1 /* Build configuration list for PBXProject "BookTracker" */ = {
			isa = XCConfigurationList;
			buildConfigurations = (
				2CB7100B2B18D45B00BBCEF1 /* Debug */,
				2CB7100C2B18D45B00BBCEF1 /* Release */,
			);
			defaultConfigurationIsVisible = 0;
			defaultConfigurationName = Release;
		};
		2CB7100D2B18D45B00BBCEF1 /* Build configuration list for PBXNativeTarget "BookTracker" */ = {
			isa = XCConfigurationList;
			buildConfigurations = (
				2CB7100E2B18D45B00BBCEF1 /* Debug */,
				2CB7100F2B18D45B00BBCEF1 /* Release */,
			);
			defaultConfigurationIsVisible = 0;
			defaultConfigurationName = Release;
		};
/* End XCConfigurationList section */

/* Begin XCVersionGroup section */
		2CB710132B18D4B300BBCEF1 /* BookTracker.xcdatamodeld */ = {
			isa = XCVersionGroup;
			children = (
				2CB710142B18D4B300BBCEF1 /* BookTracker.xcdatamodel */,
			);
			currentVersion = 2CB710142B18D4B300BBCEF1 /* BookTracker.xcdatamodel */;
			path = BookTracker.xcdatamodeld;
			sourceTree = "<group>";
			versionGroupType = wrapper.xcdatamodel;
		};
/* End XCVersionGroup section */
	};
	rootObject = 2CB70FF72B18D45700BBCEF1 /* Project object */;
}
